// !$*UTF8*$!
{
	archiveVersion = 1;
	classes = {
	};
	objectVersion = 46;
	objects = {

/* Begin PBXBuildFile section */
		B9160E171612658800CA206E /* UIKit.framework in Frameworks */ = {isa = PBXBuildFile; fileRef = B9160E161612658800CA206E /* UIKit.framework */; };
		B9160E191612658800CA206E /* Foundation.framework in Frameworks */ = {isa = PBXBuildFile; fileRef = B9160E181612658800CA206E /* Foundation.framework */; };
		B9160E1B1612658800CA206E /* CoreGraphics.framework in Frameworks */ = {isa = PBXBuildFile; fileRef = B9160E1A1612658800CA206E /* CoreGraphics.framework */; };
		B9160E211612658900CA206E /* InfoPlist.strings in Resources */ = {isa = PBXBuildFile; fileRef = B9160E1F1612658900CA206E /* InfoPlist.strings */; };
		B9160E231612658900CA206E /* main.m in Sources */ = {isa = PBXBuildFile; fileRef = B9160E221612658900CA206E /* main.m */; };
		B9160E271612658900CA206E /* FTWMAppDelegate.m in Sources */ = {isa = PBXBuildFile; fileRef = B9160E261612658900CA206E /* FTWMAppDelegate.m */; };
		B9160E291612658900CA206E /* Default.png in Resources */ = {isa = PBXBuildFile; fileRef = B9160E281612658900CA206E /* Default.png */; };
		B9160E2B1612658900CA206E /* Default@2x.png in Resources */ = {isa = PBXBuildFile; fileRef = B9160E2A1612658900CA206E /* Default@2x.png */; };
		B9160E2D1612658900CA206E /* Default-568h@2x.png in Resources */ = {isa = PBXBuildFile; fileRef = B9160E2C1612658900CA206E /* Default-568h@2x.png */; };
		B9160E301612658900CA206E /* MainStoryboard.storyboard in Resources */ = {isa = PBXBuildFile; fileRef = B9160E2E1612658900CA206E /* MainStoryboard.storyboard */; };
		B9160E331612658900CA206E /* FTWMViewController.m in Sources */ = {isa = PBXBuildFile; fileRef = B9160E321612658900CA206E /* FTWMViewController.m */; };
		B9160E661612664800CA206E /* NICommonMetrics.m in Sources */ = {isa = PBXBuildFile; fileRef = B9160E3C1612664700CA206E /* NICommonMetrics.m */; };
		B9160E671612664800CA206E /* NIDataStructures.m in Sources */ = {isa = PBXBuildFile; fileRef = B9160E3E1612664700CA206E /* NIDataStructures.m */; };
		B9160E681612664800CA206E /* NIDebuggingTools.m in Sources */ = {isa = PBXBuildFile; fileRef = B9160E401612664700CA206E /* NIDebuggingTools.m */; };
		B9160E691612664800CA206E /* NIDeviceOrientation.m in Sources */ = {isa = PBXBuildFile; fileRef = B9160E421612664700CA206E /* NIDeviceOrientation.m */; };
		B9160E6A1612664800CA206E /* NIError.m in Sources */ = {isa = PBXBuildFile; fileRef = B9160E441612664700CA206E /* NIError.m */; };
		B9160E6B1612664800CA206E /* NIFoundationMethods.m in Sources */ = {isa = PBXBuildFile; fileRef = B9160E461612664700CA206E /* NIFoundationMethods.m */; };
		B9160E6C1612664800CA206E /* NIInMemoryCache.m in Sources */ = {isa = PBXBuildFile; fileRef = B9160E481612664700CA206E /* NIInMemoryCache.m */; };
		B9160E6D1612664800CA206E /* NINavigationAppearance.m in Sources */ = {isa = PBXBuildFile; fileRef = B9160E4D1612664700CA206E /* NINavigationAppearance.m */; };
		B9160E6E1612664800CA206E /* NINetworkActivity.m in Sources */ = {isa = PBXBuildFile; fileRef = B9160E4F1612664700CA206E /* NINetworkActivity.m */; };
		B9160E6F1612664800CA206E /* NINonEmptyCollectionTesting.m in Sources */ = {isa = PBXBuildFile; fileRef = B9160E511612664700CA206E /* NINonEmptyCollectionTesting.m */; };
		B9160E701612664800CA206E /* NINonRetainingCollections.m in Sources */ = {isa = PBXBuildFile; fileRef = B9160E531612664700CA206E /* NINonRetainingCollections.m */; };
		B9160E711612664800CA206E /* NIOperations.m in Sources */ = {isa = PBXBuildFile; fileRef = B9160E551612664700CA206E /* NIOperations.m */; };
		B9160E721612664800CA206E /* NIPaths.m in Sources */ = {isa = PBXBuildFile; fileRef = B9160E581612664700CA206E /* NIPaths.m */; };
		B9160E731612664800CA206E /* NIRuntimeClassModifications.m in Sources */ = {isa = PBXBuildFile; fileRef = B9160E5B1612664700CA206E /* NIRuntimeClassModifications.m */; };
		B9160E741612664800CA206E /* NISDKAvailability.m in Sources */ = {isa = PBXBuildFile; fileRef = B9160E5D1612664700CA206E /* NISDKAvailability.m */; };
		B9160E751612664800CA206E /* NISnapshotRotation.m in Sources */ = {isa = PBXBuildFile; fileRef = B9160E5F1612664700CA206E /* NISnapshotRotation.m */; };
		B9160E761612664800CA206E /* NIState.m in Sources */ = {isa = PBXBuildFile; fileRef = B9160E611612664700CA206E /* NIState.m */; };
		B9160E771612664800CA206E /* NIViewRecycler.m in Sources */ = {isa = PBXBuildFile; fileRef = B9160E631612664700CA206E /* NIViewRecycler.m */; };
		B9160E781612664800CA206E /* NSString+NimbusCore.m in Sources */ = {isa = PBXBuildFile; fileRef = B9160E651612664700CA206E /* NSString+NimbusCore.m */; };
		B9160E8D16126A8500CA206E /* NICellBackgrounds.m in Sources */ = {isa = PBXBuildFile; fileRef = B9160E7B16126A8500CA206E /* NICellBackgrounds.m */; };
		B9160E8E16126A8500CA206E /* NICellCatalog.m in Sources */ = {isa = PBXBuildFile; fileRef = B9160E7D16126A8500CA206E /* NICellCatalog.m */; };
		B9160E8F16126A8500CA206E /* NICellFactory.m in Sources */ = {isa = PBXBuildFile; fileRef = B9160E7F16126A8500CA206E /* NICellFactory.m */; };
		B9160E9016126A8500CA206E /* NIFormCellCatalog.m in Sources */ = {isa = PBXBuildFile; fileRef = B9160E8116126A8500CA206E /* NIFormCellCatalog.m */; };
		B9160E9116126A8500CA206E /* NIRadioGroup.m in Sources */ = {isa = PBXBuildFile; fileRef = B9160E8516126A8500CA206E /* NIRadioGroup.m */; };
		B9160E9216126A8500CA206E /* NIRadioGroupController.m in Sources */ = {isa = PBXBuildFile; fileRef = B9160E8716126A8500CA206E /* NIRadioGroupController.m */; };
		B9160E9316126A8500CA206E /* NITableViewActions.m in Sources */ = {isa = PBXBuildFile; fileRef = B9160E8916126A8500CA206E /* NITableViewActions.m */; };
		B9160E9416126A8500CA206E /* NITableViewModel.m in Sources */ = {isa = PBXBuildFile; fileRef = B9160E8B16126A8500CA206E /* NITableViewModel.m */; };
		B9160E9A1612706800CA206E /* ContactsViewController.m in Sources */ = {isa = PBXBuildFile; fileRef = B9160E981612706800CA206E /* ContactsViewController.m */; };
		B9160E9B1612706800CA206E /* ContactsViewController.xib in Resources */ = {isa = PBXBuildFile; fileRef = B9160E991612706800CA206E /* ContactsViewController.xib */; };
/* End PBXBuildFile section */

/* Begin PBXFileReference section */
		B9160E121612658800CA206E /* Mozzie.app */ = {isa = PBXFileReference; explicitFileType = wrapper.application; includeInIndex = 0; path = Mozzie.app; sourceTree = BUILT_PRODUCTS_DIR; };
		B9160E161612658800CA206E /* UIKit.framework */ = {isa = PBXFileReference; lastKnownFileType = wrapper.framework; name = UIKit.framework; path = System/Library/Frameworks/UIKit.framework; sourceTree = SDKROOT; };
		B9160E181612658800CA206E /* Foundation.framework */ = {isa = PBXFileReference; lastKnownFileType = wrapper.framework; name = Foundation.framework; path = System/Library/Frameworks/Foundation.framework; sourceTree = SDKROOT; };
		B9160E1A1612658800CA206E /* CoreGraphics.framework */ = {isa = PBXFileReference; lastKnownFileType = wrapper.framework; name = CoreGraphics.framework; path = System/Library/Frameworks/CoreGraphics.framework; sourceTree = SDKROOT; };
		B9160E1E1612658900CA206E /* Mozzie-Info.plist */ = {isa = PBXFileReference; lastKnownFileType = text.plist.xml; path = "Mozzie-Info.plist"; sourceTree = "<group>"; };
		B9160E201612658900CA206E /* en */ = {isa = PBXFileReference; lastKnownFileType = text.plist.strings; name = en; path = en.lproj/InfoPlist.strings; sourceTree = "<group>"; };
		B9160E221612658900CA206E /* main.m */ = {isa = PBXFileReference; lastKnownFileType = sourcecode.c.objc; path = main.m; sourceTree = "<group>"; };
		B9160E241612658900CA206E /* Mozzie-Prefix.pch */ = {isa = PBXFileReference; lastKnownFileType = sourcecode.c.h; path = "Mozzie-Prefix.pch"; sourceTree = "<group>"; };
		B9160E251612658900CA206E /* FTWMAppDelegate.h */ = {isa = PBXFileReference; lastKnownFileType = sourcecode.c.h; path = FTWMAppDelegate.h; sourceTree = "<group>"; };
		B9160E261612658900CA206E /* FTWMAppDelegate.m */ = {isa = PBXFileReference; lastKnownFileType = sourcecode.c.objc; path = FTWMAppDelegate.m; sourceTree = "<group>"; };
		B9160E281612658900CA206E /* Default.png */ = {isa = PBXFileReference; lastKnownFileType = image.png; path = Default.png; sourceTree = "<group>"; };
		B9160E2A1612658900CA206E /* Default@2x.png */ = {isa = PBXFileReference; lastKnownFileType = image.png; path = "Default@2x.png"; sourceTree = "<group>"; };
		B9160E2C1612658900CA206E /* Default-568h@2x.png */ = {isa = PBXFileReference; lastKnownFileType = image.png; path = "Default-568h@2x.png"; sourceTree = "<group>"; };
		B9160E2F1612658900CA206E /* en */ = {isa = PBXFileReference; lastKnownFileType = file.storyboard; name = en; path = en.lproj/MainStoryboard.storyboard; sourceTree = "<group>"; };
		B9160E311612658900CA206E /* FTWMViewController.h */ = {isa = PBXFileReference; lastKnownFileType = sourcecode.c.h; path = FTWMViewController.h; sourceTree = "<group>"; };
		B9160E321612658900CA206E /* FTWMViewController.m */ = {isa = PBXFileReference; lastKnownFileType = sourcecode.c.objc; path = FTWMViewController.m; sourceTree = "<group>"; };
		B9160E3B1612664700CA206E /* NICommonMetrics.h */ = {isa = PBXFileReference; fileEncoding = 4; lastKnownFileType = sourcecode.c.h; name = NICommonMetrics.h; path = ../../src/nimbus/src/core/src/NICommonMetrics.h; sourceTree = "<group>"; };
		B9160E3C1612664700CA206E /* NICommonMetrics.m */ = {isa = PBXFileReference; fileEncoding = 4; lastKnownFileType = sourcecode.c.objc; name = NICommonMetrics.m; path = ../../src/nimbus/src/core/src/NICommonMetrics.m; sourceTree = "<group>"; };
		B9160E3D1612664700CA206E /* NIDataStructures.h */ = {isa = PBXFileReference; fileEncoding = 4; lastKnownFileType = sourcecode.c.h; name = NIDataStructures.h; path = ../../src/nimbus/src/core/src/NIDataStructures.h; sourceTree = "<group>"; };
		B9160E3E1612664700CA206E /* NIDataStructures.m */ = {isa = PBXFileReference; fileEncoding = 4; lastKnownFileType = sourcecode.c.objc; name = NIDataStructures.m; path = ../../src/nimbus/src/core/src/NIDataStructures.m; sourceTree = "<group>"; };
		B9160E3F1612664700CA206E /* NIDebuggingTools.h */ = {isa = PBXFileReference; fileEncoding = 4; lastKnownFileType = sourcecode.c.h; name = NIDebuggingTools.h; path = ../../src/nimbus/src/core/src/NIDebuggingTools.h; sourceTree = "<group>"; };
		B9160E401612664700CA206E /* NIDebuggingTools.m */ = {isa = PBXFileReference; fileEncoding = 4; lastKnownFileType = sourcecode.c.objc; name = NIDebuggingTools.m; path = ../../src/nimbus/src/core/src/NIDebuggingTools.m; sourceTree = "<group>"; };
		B9160E411612664700CA206E /* NIDeviceOrientation.h */ = {isa = PBXFileReference; fileEncoding = 4; lastKnownFileType = sourcecode.c.h; name = NIDeviceOrientation.h; path = ../../src/nimbus/src/core/src/NIDeviceOrientation.h; sourceTree = "<group>"; };
		B9160E421612664700CA206E /* NIDeviceOrientation.m */ = {isa = PBXFileReference; fileEncoding = 4; lastKnownFileType = sourcecode.c.objc; name = NIDeviceOrientation.m; path = ../../src/nimbus/src/core/src/NIDeviceOrientation.m; sourceTree = "<group>"; };
		B9160E431612664700CA206E /* NIError.h */ = {isa = PBXFileReference; fileEncoding = 4; lastKnownFileType = sourcecode.c.h; name = NIError.h; path = ../../src/nimbus/src/core/src/NIError.h; sourceTree = "<group>"; };
		B9160E441612664700CA206E /* NIError.m */ = {isa = PBXFileReference; fileEncoding = 4; lastKnownFileType = sourcecode.c.objc; name = NIError.m; path = ../../src/nimbus/src/core/src/NIError.m; sourceTree = "<group>"; };
		B9160E451612664700CA206E /* NIFoundationMethods.h */ = {isa = PBXFileReference; fileEncoding = 4; lastKnownFileType = sourcecode.c.h; name = NIFoundationMethods.h; path = ../../src/nimbus/src/core/src/NIFoundationMethods.h; sourceTree = "<group>"; };
		B9160E461612664700CA206E /* NIFoundationMethods.m */ = {isa = PBXFileReference; fileEncoding = 4; lastKnownFileType = sourcecode.c.objc; name = NIFoundationMethods.m; path = ../../src/nimbus/src/core/src/NIFoundationMethods.m; sourceTree = "<group>"; };
		B9160E471612664700CA206E /* NIInMemoryCache.h */ = {isa = PBXFileReference; fileEncoding = 4; lastKnownFileType = sourcecode.c.h; name = NIInMemoryCache.h; path = ../../src/nimbus/src/core/src/NIInMemoryCache.h; sourceTree = "<group>"; };
		B9160E481612664700CA206E /* NIInMemoryCache.m */ = {isa = PBXFileReference; fileEncoding = 4; lastKnownFileType = sourcecode.c.objc; name = NIInMemoryCache.m; path = ../../src/nimbus/src/core/src/NIInMemoryCache.m; sourceTree = "<group>"; };
		B9160E491612664700CA206E /* NimbusCore.h */ = {isa = PBXFileReference; fileEncoding = 4; lastKnownFileType = sourcecode.c.h; name = NimbusCore.h; path = ../../src/nimbus/src/core/src/NimbusCore.h; sourceTree = "<group>"; };
		B9160E4A1612664700CA206E /* NimbusCore+Additions.h */ = {isa = PBXFileReference; fileEncoding = 4; lastKnownFileType = sourcecode.c.h; name = "NimbusCore+Additions.h"; path = "../../src/nimbus/src/core/src/NimbusCore+Additions.h"; sourceTree = "<group>"; };
		B9160E4B1612664700CA206E /* NimbusCore+Namespace.h */ = {isa = PBXFileReference; fileEncoding = 4; lastKnownFileType = sourcecode.c.h; name = "NimbusCore+Namespace.h"; path = "../../src/nimbus/src/core/src/NimbusCore+Namespace.h"; sourceTree = "<group>"; };
		B9160E4C1612664700CA206E /* NINavigationAppearance.h */ = {isa = PBXFileReference; fileEncoding = 4; lastKnownFileType = sourcecode.c.h; name = NINavigationAppearance.h; path = ../../src/nimbus/src/core/src/NINavigationAppearance.h; sourceTree = "<group>"; };
		B9160E4D1612664700CA206E /* NINavigationAppearance.m */ = {isa = PBXFileReference; fileEncoding = 4; lastKnownFileType = sourcecode.c.objc; name = NINavigationAppearance.m; path = ../../src/nimbus/src/core/src/NINavigationAppearance.m; sourceTree = "<group>"; };
		B9160E4E1612664700CA206E /* NINetworkActivity.h */ = {isa = PBXFileReference; fileEncoding = 4; lastKnownFileType = sourcecode.c.h; name = NINetworkActivity.h; path = ../../src/nimbus/src/core/src/NINetworkActivity.h; sourceTree = "<group>"; };
		B9160E4F1612664700CA206E /* NINetworkActivity.m */ = {isa = PBXFileReference; fileEncoding = 4; lastKnownFileType = sourcecode.c.objc; name = NINetworkActivity.m; path = ../../src/nimbus/src/core/src/NINetworkActivity.m; sourceTree = "<group>"; };
		B9160E501612664700CA206E /* NINonEmptyCollectionTesting.h */ = {isa = PBXFileReference; fileEncoding = 4; lastKnownFileType = sourcecode.c.h; name = NINonEmptyCollectionTesting.h; path = ../../src/nimbus/src/core/src/NINonEmptyCollectionTesting.h; sourceTree = "<group>"; };
		B9160E511612664700CA206E /* NINonEmptyCollectionTesting.m */ = {isa = PBXFileReference; fileEncoding = 4; lastKnownFileType = sourcecode.c.objc; name = NINonEmptyCollectionTesting.m; path = ../../src/nimbus/src/core/src/NINonEmptyCollectionTesting.m; sourceTree = "<group>"; };
		B9160E521612664700CA206E /* NINonRetainingCollections.h */ = {isa = PBXFileReference; fileEncoding = 4; lastKnownFileType = sourcecode.c.h; name = NINonRetainingCollections.h; path = ../../src/nimbus/src/core/src/NINonRetainingCollections.h; sourceTree = "<group>"; };
		B9160E531612664700CA206E /* NINonRetainingCollections.m */ = {isa = PBXFileReference; fileEncoding = 4; lastKnownFileType = sourcecode.c.objc; name = NINonRetainingCollections.m; path = ../../src/nimbus/src/core/src/NINonRetainingCollections.m; sourceTree = "<group>"; };
		B9160E541612664700CA206E /* NIOperations.h */ = {isa = PBXFileReference; fileEncoding = 4; lastKnownFileType = sourcecode.c.h; name = NIOperations.h; path = ../../src/nimbus/src/core/src/NIOperations.h; sourceTree = "<group>"; };
		B9160E551612664700CA206E /* NIOperations.m */ = {isa = PBXFileReference; fileEncoding = 4; lastKnownFileType = sourcecode.c.objc; name = NIOperations.m; path = ../../src/nimbus/src/core/src/NIOperations.m; sourceTree = "<group>"; };
		B9160E561612664700CA206E /* NIOperations+Subclassing.h */ = {isa = PBXFileReference; fileEncoding = 4; lastKnownFileType = sourcecode.c.h; name = "NIOperations+Subclassing.h"; path = "../../src/nimbus/src/core/src/NIOperations+Subclassing.h"; sourceTree = "<group>"; };
		B9160E571612664700CA206E /* NIPaths.h */ = {isa = PBXFileReference; fileEncoding = 4; lastKnownFileType = sourcecode.c.h; name = NIPaths.h; path = ../../src/nimbus/src/core/src/NIPaths.h; sourceTree = "<group>"; };
		B9160E581612664700CA206E /* NIPaths.m */ = {isa = PBXFileReference; fileEncoding = 4; lastKnownFileType = sourcecode.c.objc; name = NIPaths.m; path = ../../src/nimbus/src/core/src/NIPaths.m; sourceTree = "<group>"; };
		B9160E591612664700CA206E /* NIPreprocessorMacros.h */ = {isa = PBXFileReference; fileEncoding = 4; lastKnownFileType = sourcecode.c.h; name = NIPreprocessorMacros.h; path = ../../src/nimbus/src/core/src/NIPreprocessorMacros.h; sourceTree = "<group>"; };
		B9160E5A1612664700CA206E /* NIRuntimeClassModifications.h */ = {isa = PBXFileReference; fileEncoding = 4; lastKnownFileType = sourcecode.c.h; name = NIRuntimeClassModifications.h; path = ../../src/nimbus/src/core/src/NIRuntimeClassModifications.h; sourceTree = "<group>"; };
		B9160E5B1612664700CA206E /* NIRuntimeClassModifications.m */ = {isa = PBXFileReference; fileEncoding = 4; lastKnownFileType = sourcecode.c.objc; name = NIRuntimeClassModifications.m; path = ../../src/nimbus/src/core/src/NIRuntimeClassModifications.m; sourceTree = "<group>"; };
		B9160E5C1612664700CA206E /* NISDKAvailability.h */ = {isa = PBXFileReference; fileEncoding = 4; lastKnownFileType = sourcecode.c.h; name = NISDKAvailability.h; path = ../../src/nimbus/src/core/src/NISDKAvailability.h; sourceTree = "<group>"; };
		B9160E5D1612664700CA206E /* NISDKAvailability.m */ = {isa = PBXFileReference; fileEncoding = 4; lastKnownFileType = sourcecode.c.objc; name = NISDKAvailability.m; path = ../../src/nimbus/src/core/src/NISDKAvailability.m; sourceTree = "<group>"; };
		B9160E5E1612664700CA206E /* NISnapshotRotation.h */ = {isa = PBXFileReference; fileEncoding = 4; lastKnownFileType = sourcecode.c.h; name = NISnapshotRotation.h; path = ../../src/nimbus/src/core/src/NISnapshotRotation.h; sourceTree = "<group>"; };
		B9160E5F1612664700CA206E /* NISnapshotRotation.m */ = {isa = PBXFileReference; fileEncoding = 4; lastKnownFileType = sourcecode.c.objc; name = NISnapshotRotation.m; path = ../../src/nimbus/src/core/src/NISnapshotRotation.m; sourceTree = "<group>"; };
		B9160E601612664700CA206E /* NIState.h */ = {isa = PBXFileReference; fileEncoding = 4; lastKnownFileType = sourcecode.c.h; name = NIState.h; path = ../../src/nimbus/src/core/src/NIState.h; sourceTree = "<group>"; };
		B9160E611612664700CA206E /* NIState.m */ = {isa = PBXFileReference; fileEncoding = 4; lastKnownFileType = sourcecode.c.objc; name = NIState.m; path = ../../src/nimbus/src/core/src/NIState.m; sourceTree = "<group>"; };
		B9160E621612664700CA206E /* NIViewRecycler.h */ = {isa = PBXFileReference; fileEncoding = 4; lastKnownFileType = sourcecode.c.h; name = NIViewRecycler.h; path = ../../src/nimbus/src/core/src/NIViewRecycler.h; sourceTree = "<group>"; };
		B9160E631612664700CA206E /* NIViewRecycler.m */ = {isa = PBXFileReference; fileEncoding = 4; lastKnownFileType = sourcecode.c.objc; name = NIViewRecycler.m; path = ../../src/nimbus/src/core/src/NIViewRecycler.m; sourceTree = "<group>"; };
		B9160E641612664700CA206E /* NSString+NimbusCore.h */ = {isa = PBXFileReference; fileEncoding = 4; lastKnownFileType = sourcecode.c.h; name = "NSString+NimbusCore.h"; path = "../../src/nimbus/src/core/src/NSString+NimbusCore.h"; sourceTree = "<group>"; };
		B9160E651612664700CA206E /* NSString+NimbusCore.m */ = {isa = PBXFileReference; fileEncoding = 4; lastKnownFileType = sourcecode.c.objc; name = "NSString+NimbusCore.m"; path = "../../src/nimbus/src/core/src/NSString+NimbusCore.m"; sourceTree = "<group>"; };
		B9160E7A16126A8500CA206E /* NICellBackgrounds.h */ = {isa = PBXFileReference; fileEncoding = 4; lastKnownFileType = sourcecode.c.h; name = NICellBackgrounds.h; path = ../../src/nimbus/src/models/src/NICellBackgrounds.h; sourceTree = "<group>"; };
		B9160E7B16126A8500CA206E /* NICellBackgrounds.m */ = {isa = PBXFileReference; fileEncoding = 4; lastKnownFileType = sourcecode.c.objc; name = NICellBackgrounds.m; path = ../../src/nimbus/src/models/src/NICellBackgrounds.m; sourceTree = "<group>"; };
		B9160E7C16126A8500CA206E /* NICellCatalog.h */ = {isa = PBXFileReference; fileEncoding = 4; lastKnownFileType = sourcecode.c.h; name = NICellCatalog.h; path = ../../src/nimbus/src/models/src/NICellCatalog.h; sourceTree = "<group>"; };
		B9160E7D16126A8500CA206E /* NICellCatalog.m */ = {isa = PBXFileReference; fileEncoding = 4; lastKnownFileType = sourcecode.c.objc; name = NICellCatalog.m; path = ../../src/nimbus/src/models/src/NICellCatalog.m; sourceTree = "<group>"; };
		B9160E7E16126A8500CA206E /* NICellFactory.h */ = {isa = PBXFileReference; fileEncoding = 4; lastKnownFileType = sourcecode.c.h; name = NICellFactory.h; path = ../../src/nimbus/src/models/src/NICellFactory.h; sourceTree = "<group>"; };
		B9160E7F16126A8500CA206E /* NICellFactory.m */ = {isa = PBXFileReference; fileEncoding = 4; lastKnownFileType = sourcecode.c.objc; name = NICellFactory.m; path = ../../src/nimbus/src/models/src/NICellFactory.m; sourceTree = "<group>"; };
		B9160E8016126A8500CA206E /* NIFormCellCatalog.h */ = {isa = PBXFileReference; fileEncoding = 4; lastKnownFileType = sourcecode.c.h; name = NIFormCellCatalog.h; path = ../../src/nimbus/src/models/src/NIFormCellCatalog.h; sourceTree = "<group>"; };
		B9160E8116126A8500CA206E /* NIFormCellCatalog.m */ = {isa = PBXFileReference; fileEncoding = 4; lastKnownFileType = sourcecode.c.objc; name = NIFormCellCatalog.m; path = ../../src/nimbus/src/models/src/NIFormCellCatalog.m; sourceTree = "<group>"; };
		B9160E8216126A8500CA206E /* NimbusModels.h */ = {isa = PBXFileReference; fileEncoding = 4; lastKnownFileType = sourcecode.c.h; name = NimbusModels.h; path = ../../src/nimbus/src/models/src/NimbusModels.h; sourceTree = "<group>"; };
		B9160E8316126A8500CA206E /* NimbusModels+Namespace.h */ = {isa = PBXFileReference; fileEncoding = 4; lastKnownFileType = sourcecode.c.h; name = "NimbusModels+Namespace.h"; path = "../../src/nimbus/src/models/src/NimbusModels+Namespace.h"; sourceTree = "<group>"; };
		B9160E8416126A8500CA206E /* NIRadioGroup.h */ = {isa = PBXFileReference; fileEncoding = 4; lastKnownFileType = sourcecode.c.h; name = NIRadioGroup.h; path = ../../src/nimbus/src/models/src/NIRadioGroup.h; sourceTree = "<group>"; };
		B9160E8516126A8500CA206E /* NIRadioGroup.m */ = {isa = PBXFileReference; fileEncoding = 4; lastKnownFileType = sourcecode.c.objc; name = NIRadioGroup.m; path = ../../src/nimbus/src/models/src/NIRadioGroup.m; sourceTree = "<group>"; };
		B9160E8616126A8500CA206E /* NIRadioGroupController.h */ = {isa = PBXFileReference; fileEncoding = 4; lastKnownFileType = sourcecode.c.h; name = NIRadioGroupController.h; path = ../../src/nimbus/src/models/src/NIRadioGroupController.h; sourceTree = "<group>"; };
		B9160E8716126A8500CA206E /* NIRadioGroupController.m */ = {isa = PBXFileReference; fileEncoding = 4; lastKnownFileType = sourcecode.c.objc; name = NIRadioGroupController.m; path = ../../src/nimbus/src/models/src/NIRadioGroupController.m; sourceTree = "<group>"; };
		B9160E8816126A8500CA206E /* NITableViewActions.h */ = {isa = PBXFileReference; fileEncoding = 4; lastKnownFileType = sourcecode.c.h; name = NITableViewActions.h; path = ../../src/nimbus/src/models/src/NITableViewActions.h; sourceTree = "<group>"; };
		B9160E8916126A8500CA206E /* NITableViewActions.m */ = {isa = PBXFileReference; fileEncoding = 4; lastKnownFileType = sourcecode.c.objc; name = NITableViewActions.m; path = ../../src/nimbus/src/models/src/NITableViewActions.m; sourceTree = "<group>"; };
		B9160E8A16126A8500CA206E /* NITableViewModel.h */ = {isa = PBXFileReference; fileEncoding = 4; lastKnownFileType = sourcecode.c.h; name = NITableViewModel.h; path = ../../src/nimbus/src/models/src/NITableViewModel.h; sourceTree = "<group>"; };
		B9160E8B16126A8500CA206E /* NITableViewModel.m */ = {isa = PBXFileReference; fileEncoding = 4; lastKnownFileType = sourcecode.c.objc; name = NITableViewModel.m; path = ../../src/nimbus/src/models/src/NITableViewModel.m; sourceTree = "<group>"; };
		B9160E8C16126A8500CA206E /* NITableViewModel+Private.h */ = {isa = PBXFileReference; fileEncoding = 4; lastKnownFileType = sourcecode.c.h; name = "NITableViewModel+Private.h"; path = "../../src/nimbus/src/models/src/NITableViewModel+Private.h"; sourceTree = "<group>"; };
		B9160E971612706800CA206E /* ContactsViewController.h */ = {isa = PBXFileReference; fileEncoding = 4; lastKnownFileType = sourcecode.c.h; path = ContactsViewController.h; sourceTree = "<group>"; };
		B9160E981612706800CA206E /* ContactsViewController.m */ = {isa = PBXFileReference; fileEncoding = 4; lastKnownFileType = sourcecode.c.objc; path = ContactsViewController.m; sourceTree = "<group>"; };
		B9160E991612706800CA206E /* ContactsViewController.xib */ = {isa = PBXFileReference; fileEncoding = 4; lastKnownFileType = file.xib; path = ContactsViewController.xib; sourceTree = "<group>"; };
/* End PBXFileReference section */

/* Begin PBXFrameworksBuildPhase section */
		B9160E0F1612658800CA206E /* Frameworks */ = {
			isa = PBXFrameworksBuildPhase;
			buildActionMask = 2147483647;
			files = (
				B9160E171612658800CA206E /* UIKit.framework in Frameworks */,
				B9160E191612658800CA206E /* Foundation.framework in Frameworks */,
				B9160E1B1612658800CA206E /* CoreGraphics.framework in Frameworks */,
			);
			runOnlyForDeploymentPostprocessing = 0;
		};
/* End PBXFrameworksBuildPhase section */

/* Begin PBXGroup section */
		B9160E071612658800CA206E = {
			isa = PBXGroup;
			children = (
				B9160E39161265D900CA206E /* Nimbus */,
				B9160E1C1612658800CA206E /* Mozzie */,
				B9160E151612658800CA206E /* Frameworks */,
				B9160E131612658800CA206E /* Products */,
			);
			sourceTree = "<group>";
		};
		B9160E131612658800CA206E /* Products */ = {
			isa = PBXGroup;
			children = (
				B9160E121612658800CA206E /* Mozzie.app */,
			);
			name = Products;
			sourceTree = "<group>";
		};
		B9160E151612658800CA206E /* Frameworks */ = {
			isa = PBXGroup;
			children = (
				B9160E161612658800CA206E /* UIKit.framework */,
				B9160E181612658800CA206E /* Foundation.framework */,
				B9160E1A1612658800CA206E /* CoreGraphics.framework */,
			);
			name = Frameworks;
			sourceTree = "<group>";
		};
		B9160E1C1612658800CA206E /* Mozzie */ = {
			isa = PBXGroup;
			children = (
				B9160E961612700B00CA206E /* Contacts */,
				B9160E251612658900CA206E /* FTWMAppDelegate.h */,
				B9160E261612658900CA206E /* FTWMAppDelegate.m */,
				B9160E2E1612658900CA206E /* MainStoryboard.storyboard */,
				B9160E311612658900CA206E /* FTWMViewController.h */,
				B9160E321612658900CA206E /* FTWMViewController.m */,
				B9160E1D1612658900CA206E /* Supporting Files */,
			);
			path = Mozzie;
			sourceTree = "<group>";
		};
		B9160E1D1612658900CA206E /* Supporting Files */ = {
			isa = PBXGroup;
			children = (
				B9160E1E1612658900CA206E /* Mozzie-Info.plist */,
				B9160E1F1612658900CA206E /* InfoPlist.strings */,
				B9160E221612658900CA206E /* main.m */,
				B9160E241612658900CA206E /* Mozzie-Prefix.pch */,
				B9160E281612658900CA206E /* Default.png */,
				B9160E2A1612658900CA206E /* Default@2x.png */,
				B9160E2C1612658900CA206E /* Default-568h@2x.png */,
			);
			name = "Supporting Files";
			sourceTree = "<group>";
		};
		B9160E39161265D900CA206E /* Nimbus */ = {
			isa = PBXGroup;
			children = (
				B9160E7916126A4600CA206E /* Models */,
				B9160E3A161265F800CA206E /* Core */,
			);
			name = Nimbus;
			sourceTree = "<group>";
		};
		B9160E3A161265F800CA206E /* Core */ = {
			isa = PBXGroup;
			children = (
				B9160E3B1612664700CA206E /* NICommonMetrics.h */,
				B9160E3C1612664700CA206E /* NICommonMetrics.m */,
				B9160E3D1612664700CA206E /* NIDataStructures.h */,
				B9160E3E1612664700CA206E /* NIDataStructures.m */,
				B9160E3F1612664700CA206E /* NIDebuggingTools.h */,
				B9160E401612664700CA206E /* NIDebuggingTools.m */,
				B9160E411612664700CA206E /* NIDeviceOrientation.h */,
				B9160E421612664700CA206E /* NIDeviceOrientation.m */,
				B9160E431612664700CA206E /* NIError.h */,
				B9160E441612664700CA206E /* NIError.m */,
				B9160E451612664700CA206E /* NIFoundationMethods.h */,
				B9160E461612664700CA206E /* NIFoundationMethods.m */,
				B9160E471612664700CA206E /* NIInMemoryCache.h */,
				B9160E481612664700CA206E /* NIInMemoryCache.m */,
				B9160E491612664700CA206E /* NimbusCore.h */,
				B9160E4A1612664700CA206E /* NimbusCore+Additions.h */,
				B9160E4B1612664700CA206E /* NimbusCore+Namespace.h */,
				B9160E4C1612664700CA206E /* NINavigationAppearance.h */,
				B9160E4D1612664700CA206E /* NINavigationAppearance.m */,
				B9160E4E1612664700CA206E /* NINetworkActivity.h */,
				B9160E4F1612664700CA206E /* NINetworkActivity.m */,
				B9160E501612664700CA206E /* NINonEmptyCollectionTesting.h */,
				B9160E511612664700CA206E /* NINonEmptyCollectionTesting.m */,
				B9160E521612664700CA206E /* NINonRetainingCollections.h */,
				B9160E531612664700CA206E /* NINonRetainingCollections.m */,
				B9160E541612664700CA206E /* NIOperations.h */,
				B9160E551612664700CA206E /* NIOperations.m */,
				B9160E561612664700CA206E /* NIOperations+Subclassing.h */,
				B9160E571612664700CA206E /* NIPaths.h */,
				B9160E581612664700CA206E /* NIPaths.m */,
				B9160E591612664700CA206E /* NIPreprocessorMacros.h */,
				B9160E5A1612664700CA206E /* NIRuntimeClassModifications.h */,
				B9160E5B1612664700CA206E /* NIRuntimeClassModifications.m */,
				B9160E5C1612664700CA206E /* NISDKAvailability.h */,
				B9160E5D1612664700CA206E /* NISDKAvailability.m */,
				B9160E5E1612664700CA206E /* NISnapshotRotation.h */,
				B9160E5F1612664700CA206E /* NISnapshotRotation.m */,
				B9160E601612664700CA206E /* NIState.h */,
				B9160E611612664700CA206E /* NIState.m */,
				B9160E621612664700CA206E /* NIViewRecycler.h */,
				B9160E631612664700CA206E /* NIViewRecycler.m */,
				B9160E641612664700CA206E /* NSString+NimbusCore.h */,
				B9160E651612664700CA206E /* NSString+NimbusCore.m */,
			);
			name = Core;
			sourceTree = "<group>";
		};
		B9160E7916126A4600CA206E /* Models */ = {
			isa = PBXGroup;
			children = (
				B9160E7A16126A8500CA206E /* NICellBackgrounds.h */,
				B9160E7B16126A8500CA206E /* NICellBackgrounds.m */,
				B9160E7C16126A8500CA206E /* NICellCatalog.h */,
				B9160E7D16126A8500CA206E /* NICellCatalog.m */,
				B9160E7E16126A8500CA206E /* NICellFactory.h */,
				B9160E7F16126A8500CA206E /* NICellFactory.m */,
				B9160E8016126A8500CA206E /* NIFormCellCatalog.h */,
				B9160E8116126A8500CA206E /* NIFormCellCatalog.m */,
				B9160E8216126A8500CA206E /* NimbusModels.h */,
				B9160E8316126A8500CA206E /* NimbusModels+Namespace.h */,
				B9160E8416126A8500CA206E /* NIRadioGroup.h */,
				B9160E8516126A8500CA206E /* NIRadioGroup.m */,
				B9160E8616126A8500CA206E /* NIRadioGroupController.h */,
				B9160E8716126A8500CA206E /* NIRadioGroupController.m */,
				B9160E8816126A8500CA206E /* NITableViewActions.h */,
				B9160E8916126A8500CA206E /* NITableViewActions.m */,
				B9160E8A16126A8500CA206E /* NITableViewModel.h */,
				B9160E8B16126A8500CA206E /* NITableViewModel.m */,
				B9160E8C16126A8500CA206E /* NITableViewModel+Private.h */,
			);
			name = Models;
			sourceTree = "<group>";
		};
		B9160E961612700B00CA206E /* Contacts */ = {
			isa = PBXGroup;
			children = (
				B9160E971612706800CA206E /* ContactsViewController.h */,
				B9160E981612706800CA206E /* ContactsViewController.m */,
				B9160E991612706800CA206E /* ContactsViewController.xib */,
			);
			name = Contacts;
			sourceTree = "<group>";
		};
/* End PBXGroup section */

/* Begin PBXNativeTarget section */
		B9160E111612658800CA206E /* Mozzie */ = {
			isa = PBXNativeTarget;
			buildConfigurationList = B9160E361612658900CA206E /* Build configuration list for PBXNativeTarget "Mozzie" */;
			buildPhases = (
				B9160E0E1612658800CA206E /* Sources */,
				B9160E0F1612658800CA206E /* Frameworks */,
				B9160E101612658800CA206E /* Resources */,
			);
			buildRules = (
			);
			dependencies = (
			);
			name = Mozzie;
			productName = Mozzie;
			productReference = B9160E121612658800CA206E /* Mozzie.app */;
			productType = "com.apple.product-type.application";
		};
/* End PBXNativeTarget section */

/* Begin PBXProject section */
		B9160E091612658800CA206E /* Project object */ = {
			isa = PBXProject;
			attributes = {
				CLASSPREFIX = FTWM;
				LastUpgradeCheck = 0450;
				ORGANIZATIONNAME = "Julian Threatt";
			};
			buildConfigurationList = B9160E0C1612658800CA206E /* Build configuration list for PBXProject "Mozzie" */;
			compatibilityVersion = "Xcode 3.2";
			developmentRegion = English;
			hasScannedForEncodings = 0;
			knownRegions = (
				en,
			);
			mainGroup = B9160E071612658800CA206E;
			productRefGroup = B9160E131612658800CA206E /* Products */;
			projectDirPath = "";
			projectRoot = "";
			targets = (
				B9160E111612658800CA206E /* Mozzie */,
			);
		};
/* End PBXProject section */

/* Begin PBXResourcesBuildPhase section */
		B9160E101612658800CA206E /* Resources */ = {
			isa = PBXResourcesBuildPhase;
			buildActionMask = 2147483647;
			files = (
				B9160E211612658900CA206E /* InfoPlist.strings in Resources */,
				B9160E291612658900CA206E /* Default.png in Resources */,
				B9160E2B1612658900CA206E /* Default@2x.png in Resources */,
				B9160E2D1612658900CA206E /* Default-568h@2x.png in Resources */,
				B9160E301612658900CA206E /* MainStoryboard.storyboard in Resources */,
				B9160E9B1612706800CA206E /* ContactsViewController.xib in Resources */,
			);
			runOnlyForDeploymentPostprocessing = 0;
		};
/* End PBXResourcesBuildPhase section */

/* Begin PBXSourcesBuildPhase section */
		B9160E0E1612658800CA206E /* Sources */ = {
			isa = PBXSourcesBuildPhase;
			buildActionMask = 2147483647;
			files = (
				B9160E231612658900CA206E /* main.m in Sources */,
				B9160E271612658900CA206E /* FTWMAppDelegate.m in Sources */,
				B9160E331612658900CA206E /* FTWMViewController.m in Sources */,
				B9160E661612664800CA206E /* NICommonMetrics.m in Sources */,
				B9160E671612664800CA206E /* NIDataStructures.m in Sources */,
				B9160E681612664800CA206E /* NIDebuggingTools.m in Sources */,
				B9160E691612664800CA206E /* NIDeviceOrientation.m in Sources */,
				B9160E6A1612664800CA206E /* NIError.m in Sources */,
				B9160E6B1612664800CA206E /* NIFoundationMethods.m in Sources */,
				B9160E6C1612664800CA206E /* NIInMemoryCache.m in Sources */,
				B9160E6D1612664800CA206E /* NINavigationAppearance.m in Sources */,
				B9160E6E1612664800CA206E /* NINetworkActivity.m in Sources */,
				B9160E6F1612664800CA206E /* NINonEmptyCollectionTesting.m in Sources */,
				B9160E701612664800CA206E /* NINonRetainingCollections.m in Sources */,
				B9160E711612664800CA206E /* NIOperations.m in Sources */,
				B9160E721612664800CA206E /* NIPaths.m in Sources */,
				B9160E731612664800CA206E /* NIRuntimeClassModifications.m in Sources */,
				B9160E741612664800CA206E /* NISDKAvailability.m in Sources */,
				B9160E751612664800CA206E /* NISnapshotRotation.m in Sources */,
				B9160E761612664800CA206E /* NIState.m in Sources */,
				B9160E771612664800CA206E /* NIViewRecycler.m in Sources */,
				B9160E781612664800CA206E /* NSString+NimbusCore.m in Sources */,
				B9160E8D16126A8500CA206E /* NICellBackgrounds.m in Sources */,
				B9160E8E16126A8500CA206E /* NICellCatalog.m in Sources */,
				B9160E8F16126A8500CA206E /* NICellFactory.m in Sources */,
				B9160E9016126A8500CA206E /* NIFormCellCatalog.m in Sources */,
				B9160E9116126A8500CA206E /* NIRadioGroup.m in Sources */,
				B9160E9216126A8500CA206E /* NIRadioGroupController.m in Sources */,
				B9160E9316126A8500CA206E /* NITableViewActions.m in Sources */,
				B9160E9416126A8500CA206E /* NITableViewModel.m in Sources */,
				B9160E9A1612706800CA206E /* ContactsViewController.m in Sources */,
			);
			runOnlyForDeploymentPostprocessing = 0;
		};
/* End PBXSourcesBuildPhase section */

/* Begin PBXVariantGroup section */
		B9160E1F1612658900CA206E /* InfoPlist.strings */ = {
			isa = PBXVariantGroup;
			children = (
				B9160E201612658900CA206E /* en */,
			);
			name = InfoPlist.strings;
			sourceTree = "<group>";
		};
		B9160E2E1612658900CA206E /* MainStoryboard.storyboard */ = {
			isa = PBXVariantGroup;
			children = (
				B9160E2F1612658900CA206E /* en */,
			);
			name = MainStoryboard.storyboard;
			sourceTree = "<group>";
		};
/* End PBXVariantGroup section */

/* Begin XCBuildConfiguration section */
		B9160E341612658900CA206E /* Debug */ = {
			isa = XCBuildConfiguration;
			buildSettings = {
				ALWAYS_SEARCH_USER_PATHS = NO;
				CLANG_CXX_LANGUAGE_STANDARD = "gnu++0x";
				CLANG_CXX_LIBRARY = "libc++";
				CLANG_ENABLE_OBJC_ARC = YES;
				CLANG_WARN_EMPTY_BODY = YES;
				CLANG_WARN__DUPLICATE_METHOD_MATCH = YES;
				"CODE_SIGN_IDENTITY[sdk=iphoneos*]" = "iPhone Developer";
				COPY_PHASE_STRIP = NO;
				GCC_C_LANGUAGE_STANDARD = gnu99;
				GCC_DYNAMIC_NO_PIC = NO;
				GCC_OPTIMIZATION_LEVEL = 0;
				GCC_PREPROCESSOR_DEFINITIONS = (
					"DEBUG=1",
					"$(inherited)",
				);
				GCC_SYMBOLS_PRIVATE_EXTERN = NO;
				GCC_WARN_ABOUT_RETURN_TYPE = YES;
				GCC_WARN_UNINITIALIZED_AUTOS = YES;
				GCC_WARN_UNUSED_VARIABLE = YES;
				IPHONEOS_DEPLOYMENT_TARGET = 6.0;
				SDKROOT = iphoneos;
			};
			name = Debug;
		};
		B9160E351612658900CA206E /* Release */ = {
			isa = XCBuildConfiguration;
			buildSettings = {
				ALWAYS_SEARCH_USER_PATHS = NO;
				CLANG_CXX_LANGUAGE_STANDARD = "gnu++0x";
				CLANG_CXX_LIBRARY = "libc++";
				CLANG_ENABLE_OBJC_ARC = YES;
				CLANG_WARN_EMPTY_BODY = YES;
				CLANG_WARN__DUPLICATE_METHOD_MATCH = YES;
				"CODE_SIGN_IDENTITY[sdk=iphoneos*]" = "iPhone Developer";
				COPY_PHASE_STRIP = YES;
				GCC_C_LANGUAGE_STANDARD = gnu99;
				GCC_WARN_ABOUT_RETURN_TYPE = YES;
				GCC_WARN_UNINITIALIZED_AUTOS = YES;
				GCC_WARN_UNUSED_VARIABLE = YES;
				IPHONEOS_DEPLOYMENT_TARGET = 6.0;
				OTHER_CFLAGS = "-DNS_BLOCK_ASSERTIONS=1";
				SDKROOT = iphoneos;
				VALIDATE_PRODUCT = YES;
			};
			name = Release;
		};
		B9160E371612658900CA206E /* Debug */ = {
			isa = XCBuildConfiguration;
			buildSettings = {
				GCC_PRECOMPILE_PREFIX_HEADER = YES;
				GCC_PREFIX_HEADER = "Mozzie/Mozzie-Prefix.pch";
				INFOPLIST_FILE = "Mozzie/Mozzie-Info.plist";
				IPHONEOS_DEPLOYMENT_TARGET = 6.0;
				PRODUCT_NAME = "$(TARGET_NAME)";
				TARGETED_DEVICE_FAMILY = "1,2";
				WRAPPER_EXTENSION = app;
			};
			name = Debug;
		};
		B9160E381612658900CA206E /* Release */ = {
			isa = XCBuildConfiguration;
			buildSettings = {
				GCC_PRECOMPILE_PREFIX_HEADER = YES;
				GCC_PREFIX_HEADER = "Mozzie/Mozzie-Prefix.pch";
				INFOPLIST_FILE = "Mozzie/Mozzie-Info.plist";
				IPHONEOS_DEPLOYMENT_TARGET = 6.0;
				PRODUCT_NAME = "$(TARGET_NAME)";
				TARGETED_DEVICE_FAMILY = "1,2";
				WRAPPER_EXTENSION = app;
			};
			name = Release;
		};
/* End XCBuildConfiguration section */

/* Begin XCConfigurationList section */
		B9160E0C1612658800CA206E /* Build configuration list for PBXProject "Mozzie" */ = {
			isa = XCConfigurationList;
			buildConfigurations = (
				B9160E341612658900CA206E /* Debug */,
				B9160E351612658900CA206E /* Release */,
			);
			defaultConfigurationIsVisible = 0;
			defaultConfigurationName = Release;
		};
		B9160E361612658900CA206E /* Build configuration list for PBXNativeTarget "Mozzie" */ = {
			isa = XCConfigurationList;
			buildConfigurations = (
				B9160E371612658900CA206E /* Debug */,
				B9160E381612658900CA206E /* Release */,
			);
			defaultConfigurationIsVisible = 0;
		};
/* End XCConfigurationList section */
	};
	rootObject = B9160E091612658800CA206E /* Project object */;
}
